Microsoft Visual Studio Solution File, Format Version 11.00
# Visual Studio 2008

Project("{EF2F8A73-0145-4757-0DBA-8EE41C50A0CD}") = "astgit", "Assembly-CSharp-firstpass.csproj", "{D358F546-234A-811F-B8F0-CFADD2A1ED24}"
EndProject
Project("{EF2F8A73-0145-4757-0DBA-8EE41C50A0CD}") = "astgit", "Assembly-CSharp.csproj", "{888AAA3D-4E40-A2E9-C020-DE194227AA92}"
EndProject
Project("{EF2F8A73-0145-4757-0DBA-8EE41C50A0CD}") = "astgit", "Assembly-CSharp-Editor.csproj", "{783964C1-9FCA-EC4C-7778-E334F1BE8224}"
EndProject
Global
	GlobalSection(SolutionConfigurationPlatforms) = preSolution
		Debug|Any CPU = Debug|Any CPU
		Release|Any CPU = Release|Any CPU
	EndGlobalSection
	GlobalSection(ProjectConfigurationPlatforms) = postSolution
		{D358F546-234A-811F-B8F0-CFADD2A1ED24}.Debug|Any CPU.ActiveCfg = Debug|Any CPU
		{D358F546-234A-811F-B8F0-CFADD2A1ED24}.Debug|Any CPU.Build.0 = Debug|Any CPU
		{D358F546-234A-811F-B8F0-CFADD2A1ED24}.Release|Any CPU.ActiveCfg = Release|Any CPU
		{D358F546-234A-811F-B8F0-CFADD2A1ED24}.Release|Any CPU.Build.0 = Release|Any CPU
		{888AAA3D-4E40-A2E9-C020-DE194227AA92}.Debug|Any CPU.ActiveCfg = Debug|Any CPU
		{888AAA3D-4E40-A2E9-C020-DE194227AA92}.Debug|Any CPU.Build.0 = Debug|Any CPU
		{888AAA3D-4E40-A2E9-C020-DE194227AA92}.Release|Any CPU.ActiveCfg = Release|Any CPU
		{888AAA3D-4E40-A2E9-C020-DE194227AA92}.Release|Any CPU.Build.0 = Release|Any CPU
		{783964C1-9FCA-EC4C-7778-E334F1BE8224}.Debug|Any CPU.ActiveCfg = Debug|Any CPU
		{783964C1-9FCA-EC4C-7778-E334F1BE8224}.Debug|Any CPU.Build.0 = Debug|Any CPU
		{783964C1-9FCA-EC4C-7778-E334F1BE8224}.Release|Any CPU.ActiveCfg = Release|Any CPU
		{783964C1-9FCA-EC4C-7778-E334F1BE8224}.Release|Any CPU.Build.0 = Release|Any CPU
	EndGlobalSection
	GlobalSection(SolutionProperties) = preSolution
		HideSolutionNode = FALSE
	EndGlobalSection
	GlobalSection(MonoDevelopProperties) = preSolution
		StartupItem = Assembly-CSharp.csproj
	EndGlobalSection
EndGlobal
